
Microsoft Visual Studio Solution File, Format Version 12.00
# Visual Studio 14
VisualStudioVersion = 14.0.25420.1
MinimumVisualStudioVersion = 10.0.40219.1
Project("{FAE04EC0-301F-11D3-BF4B-00C04F79EFBC}") = "Bede.Go.Host", "Bede.Go.Host\Bede.Go.Host.csproj", "{316A403C-323D-453C-A503-A31748A4A2D7}"
EndProject
Project("{FAE04EC0-301F-11D3-BF4B-00C04F79EFBC}") = "Bede.Go.Contracts", "Bede.Go.Contracts\Bede.Go.Contracts.csproj", "{4136A0A6-C52E-45B4-A820-B85B58010CE9}"
EndProject
Global
	GlobalSection(SolutionConfigurationPlatforms) = preSolution
		Debug|Any CPU = Debug|Any CPU
		Release|Any CPU = Release|Any CPU
	EndGlobalSection
	GlobalSection(ProjectConfigurationPlatforms) = postSolution
		{316A403C-323D-453C-A503-A31748A4A2D7}.Debug|Any CPU.ActiveCfg = Debug|Any CPU
		{316A403C-323D-453C-A503-A31748A4A2D7}.Debug|Any CPU.Build.0 = Debug|Any CPU
		{316A403C-323D-453C-A503-A31748A4A2D7}.Release|Any CPU.ActiveCfg = Release|Any CPU
		{316A403C-323D-453C-A503-A31748A4A2D7}.Release|Any CPU.Build.0 = Release|Any CPU
		{4136A0A6-C52E-45B4-A820-B85B58010CE9}.Debug|Any CPU.ActiveCfg = Debug|Any CPU
		{4136A0A6-C52E-45B4-A820-B85B58010CE9}.Debug|Any CPU.Build.0 = Debug|Any CPU
		{4136A0A6-C52E-45B4-A820-B85B58010CE9}.Release|Any CPU.ActiveCfg = Release|Any CPU
		{4136A0A6-C52E-45B4-A820-B85B58010CE9}.Release|Any CPU.Build.0 = Release|Any CPU
	EndGlobalSection
	GlobalSection(SolutionProperties) = preSolution
		HideSolutionNode = FALSE
	EndGlobalSection
	GlobalSection(ExtensibilityGlobals) = postSolution
		SolutionGuid = {5BC1CFA8-295E-4C68-99C4-1A3A12573DFF}
	EndGlobalSection
EndGlobal
